
Microsoft Visual Studio Solution File, Format Version 12.00
# Visual Studio 14
VisualStudioVersion = 14.0.25420.1
MinimumVisualStudioVersion = 10.0.40219.1
Project("{FAE04EC0-301F-11D3-BF4B-00C04F79EFBC}") = "RSSFetcher", "RSSFetcher\RSSFetcher.csproj", "{7EBCC18C-B84A-482A-B93F-0E5CC99C913A}"
EndProject
Project("{FAE04EC0-301F-11D3-BF4B-00C04F79EFBC}") = "CoreUtil", "CoreUtil\CoreUtil.csproj", "{BBC9B7A3-0A13-4B4B-8907-C72460DE4919}"
EndProject
Global
	GlobalSection(SolutionConfigurationPlatforms) = preSolution
		Debug|Any CPU = Debug|Any CPU
		Release|Any CPU = Release|Any CPU
	EndGlobalSection
	GlobalSection(ProjectConfigurationPlatforms) = postSolution
		{7EBCC18C-B84A-482A-B93F-0E5CC99C913A}.Debug|Any CPU.ActiveCfg = Debug|Any CPU
		{7EBCC18C-B84A-482A-B93F-0E5CC99C913A}.Debug|Any CPU.Build.0 = Debug|Any CPU
		{7EBCC18C-B84A-482A-B93F-0E5CC99C913A}.Release|Any CPU.ActiveCfg = Release|Any CPU
		{7EBCC18C-B84A-482A-B93F-0E5CC99C913A}.Release|Any CPU.Build.0 = Release|Any CPU
		{BBC9B7A3-0A13-4B4B-8907-C72460DE4919}.Debug|Any CPU.ActiveCfg = Debug|Any CPU
		{BBC9B7A3-0A13-4B4B-8907-C72460DE4919}.Debug|Any CPU.Build.0 = Debug|Any CPU
		{BBC9B7A3-0A13-4B4B-8907-C72460DE4919}.Release|Any CPU.ActiveCfg = Release|Any CPU
		{BBC9B7A3-0A13-4B4B-8907-C72460DE4919}.Release|Any CPU.Build.0 = Release|Any CPU
	EndGlobalSection
	GlobalSection(SolutionProperties) = preSolution
		HideSolutionNode = FALSE
	EndGlobalSection
EndGlobal
