
Microsoft Visual Studio Solution File, Format Version 12.00
# Visual Studio 15
VisualStudioVersion = 15.0.26124.0
MinimumVisualStudioVersion = 15.0.26124.0
Project("{9A19103F-16F7-4668-BE54-9A1E7A4F7556}") = "RSSFetcher", "RSSFetcher\RSSFetcher.csproj", "{AF856976-19D2-4EEF-8FBF-5BE9896496CA}"
EndProject
Global
	GlobalSection(SolutionConfigurationPlatforms) = preSolution
		Debug|Any CPU = Debug|Any CPU
		Debug|x64 = Debug|x64
		Debug|x86 = Debug|x86
		Release|Any CPU = Release|Any CPU
		Release|x64 = Release|x64
		Release|x86 = Release|x86
	EndGlobalSection
	GlobalSection(ProjectConfigurationPlatforms) = postSolution
		{AF856976-19D2-4EEF-8FBF-5BE9896496CA}.Debug|Any CPU.ActiveCfg = Debug|Any CPU
		{AF856976-19D2-4EEF-8FBF-5BE9896496CA}.Debug|Any CPU.Build.0 = Debug|Any CPU
		{AF856976-19D2-4EEF-8FBF-5BE9896496CA}.Debug|x64.ActiveCfg = Debug|Any CPU
		{AF856976-19D2-4EEF-8FBF-5BE9896496CA}.Debug|x64.Build.0 = Debug|Any CPU
		{AF856976-19D2-4EEF-8FBF-5BE9896496CA}.Debug|x86.ActiveCfg = Debug|Any CPU
		{AF856976-19D2-4EEF-8FBF-5BE9896496CA}.Debug|x86.Build.0 = Debug|Any CPU
		{AF856976-19D2-4EEF-8FBF-5BE9896496CA}.Release|Any CPU.ActiveCfg = Release|Any CPU
		{AF856976-19D2-4EEF-8FBF-5BE9896496CA}.Release|Any CPU.Build.0 = Release|Any CPU
		{AF856976-19D2-4EEF-8FBF-5BE9896496CA}.Release|x64.ActiveCfg = Release|Any CPU
		{AF856976-19D2-4EEF-8FBF-5BE9896496CA}.Release|x64.Build.0 = Release|Any CPU
		{AF856976-19D2-4EEF-8FBF-5BE9896496CA}.Release|x86.ActiveCfg = Release|Any CPU
		{AF856976-19D2-4EEF-8FBF-5BE9896496CA}.Release|x86.Build.0 = Release|Any CPU
	EndGlobalSection
	GlobalSection(SolutionProperties) = preSolution
		HideSolutionNode = FALSE
	EndGlobalSection
	GlobalSection(ExtensibilityGlobals) = postSolution
		SolutionGuid = {E8C29C8A-02B1-4716-9562-F40EF8BBAD19}
	EndGlobalSection
EndGlobal
